
Microsoft Visual Studio Solution File, Format Version 12.00
# Visual Studio Version 16
VisualStudioVersion = 16.0.31105.61
MinimumVisualStudioVersion = 10.0.40219.1
Project("{FAE04EC0-301F-11D3-BF4B-00C04F79EFBC}") = "DnD_project", "DnD_project\DnD_project.csproj", "{AF22795F-38B0-4011-B18C-3EB678BB4E15}"
EndProject
Global
	GlobalSection(SolutionConfigurationPlatforms) = preSolution
		Debug|Any CPU = Debug|Any CPU
		Release|Any CPU = Release|Any CPU
	EndGlobalSection
	GlobalSection(ProjectConfigurationPlatforms) = postSolution
		{AF22795F-38B0-4011-B18C-3EB678BB4E15}.Debug|Any CPU.ActiveCfg = Debug|Any CPU
		{AF22795F-38B0-4011-B18C-3EB678BB4E15}.Debug|Any CPU.Build.0 = Debug|Any CPU
		{AF22795F-38B0-4011-B18C-3EB678BB4E15}.Release|Any CPU.ActiveCfg = Release|Any CPU
		{AF22795F-38B0-4011-B18C-3EB678BB4E15}.Release|Any CPU.Build.0 = Release|Any CPU
	EndGlobalSection
	GlobalSection(SolutionProperties) = preSolution
		HideSolutionNode = FALSE
	EndGlobalSection
	GlobalSection(ExtensibilityGlobals) = postSolution
		SolutionGuid = {E7D62FF6-8893-453D-91DB-A8E3C2C75EB2}
	EndGlobalSection
EndGlobal
